
Microsoft Visual Studio Solution File, Format Version 12.00
# Visual Studio Version 17
VisualStudioVersion = 17.8.34525.116
MinimumVisualStudioVersion = 10.0.40219.1
Project("{9A19103F-16F7-4668-BE54-9A1E7A4F7556}") = "MiddelewereTests", "MiddelewereTests\MiddelewereTests.csproj", "{EB40CF0B-D2B9-45F1-BD98-2CB6647180F1}"
EndProject
Project("{FAE04EC0-301F-11D3-BF4B-00C04F79EFBC}") = "MiddelewereTests.Tests", "MiddelewereTests.Tests\MiddelewereTests.Tests.csproj", "{8D795162-24FE-466D-A98B-CB486A5C2B60}"
EndProject
Global
	GlobalSection(SolutionConfigurationPlatforms) = preSolution
		Debug|Any CPU = Debug|Any CPU
		Release|Any CPU = Release|Any CPU
	EndGlobalSection
	GlobalSection(ProjectConfigurationPlatforms) = postSolution
		{EB40CF0B-D2B9-45F1-BD98-2CB6647180F1}.Debug|Any CPU.ActiveCfg = Debug|Any CPU
		{EB40CF0B-D2B9-45F1-BD98-2CB6647180F1}.Debug|Any CPU.Build.0 = Debug|Any CPU
		{EB40CF0B-D2B9-45F1-BD98-2CB6647180F1}.Release|Any CPU.ActiveCfg = Release|Any CPU
		{EB40CF0B-D2B9-45F1-BD98-2CB6647180F1}.Release|Any CPU.Build.0 = Release|Any CPU
		{8D795162-24FE-466D-A98B-CB486A5C2B60}.Debug|Any CPU.ActiveCfg = Debug|Any CPU
		{8D795162-24FE-466D-A98B-CB486A5C2B60}.Debug|Any CPU.Build.0 = Debug|Any CPU
		{8D795162-24FE-466D-A98B-CB486A5C2B60}.Release|Any CPU.ActiveCfg = Release|Any CPU
		{8D795162-24FE-466D-A98B-CB486A5C2B60}.Release|Any CPU.Build.0 = Release|Any CPU
	EndGlobalSection
	GlobalSection(SolutionProperties) = preSolution
		HideSolutionNode = FALSE
	EndGlobalSection
	GlobalSection(ExtensibilityGlobals) = postSolution
		SolutionGuid = {E960E8B6-87B3-4057-ABA9-3DDE7BE65DF4}
	EndGlobalSection
EndGlobal
